// !$*UTF8*$!
{
	archiveVersion = 1;
	classes = {
	};
	objectVersion = 48;
	objects = {

/* Begin PBXBuildFile section */
		39F0A4441F8DAC490094B988 /* AppDelegate.swift in Sources */ = {isa = PBXBuildFile; fileRef = 39F0A4431F8DAC490094B988 /* AppDelegate.swift */; };
		39F0A4461F8DAC490094B988 /* MapViewController.swift in Sources */ = {isa = PBXBuildFile; fileRef = 39F0A4451F8DAC490094B988 /* MapViewController.swift */; };
		39F0A4491F8DAC490094B988 /* Main.storyboard in Resources */ = {isa = PBXBuildFile; fileRef = 39F0A4471F8DAC490094B988 /* Main.storyboard */; };
		39F0A44B1F8DAC490094B988 /* Assets.xcassets in Resources */ = {isa = PBXBuildFile; fileRef = 39F0A44A1F8DAC490094B988 /* Assets.xcassets */; };
		39F0A44E1F8DAC490094B988 /* LaunchScreen.storyboard in Resources */ = {isa = PBXBuildFile; fileRef = 39F0A44C1F8DAC490094B988 /* LaunchScreen.storyboard */; };
		39F0A45A1F8DD2220094B988 /* DroppablePin.swift in Sources */ = {isa = PBXBuildFile; fileRef = 39F0A4591F8DD2220094B988 /* DroppablePin.swift */; };
		39F0A45C1F8E08080094B988 /* PhotoCell.swift in Sources */ = {isa = PBXBuildFile; fileRef = 39F0A45B1F8E08080094B988 /* PhotoCell.swift */; };
		39F0A45E1F8E0B030094B988 /* Constants.swift in Sources */ = {isa = PBXBuildFile; fileRef = 39F0A45D1F8E0B030094B988 /* Constants.swift */; };
		39F0A4601F8E1F340094B988 /* PopViewController.swift in Sources */ = {isa = PBXBuildFile; fileRef = 39F0A45F1F8E1F340094B988 /* PopViewController.swift */; };
		5A2CA597002E53E4ED017D50 /* Pods_pixcel_city_homeplay.framework in Frameworks */ = {isa = PBXBuildFile; fileRef = 1795BF453C9C00B11583A8C9 /* Pods_pixcel_city_homeplay.framework */; };
/* End PBXBuildFile section */

/* Begin PBXFileReference section */
		1795BF453C9C00B11583A8C9 /* Pods_pixcel_city_homeplay.framework */ = {isa = PBXFileReference; explicitFileType = wrapper.framework; includeInIndex = 0; path = Pods_pixcel_city_homeplay.framework; sourceTree = BUILT_PRODUCTS_DIR; };
		39F0A4401F8DAC490094B988 /* pixcel-city-homeplay.app */ = {isa = PBXFileReference; explicitFileType = wrapper.application; includeInIndex = 0; path = "pixcel-city-homeplay.app"; sourceTree = BUILT_PRODUCTS_DIR; };
		39F0A4431F8DAC490094B988 /* AppDelegate.swift */ = {isa = PBXFileReference; lastKnownFileType = sourcecode.swift; path = AppDelegate.swift; sourceTree = "<group>"; };
		39F0A4451F8DAC490094B988 /* MapViewController.swift */ = {isa = PBXFileReference; lastKnownFileType = sourcecode.swift; path = MapViewController.swift; sourceTree = "<group>"; };
		39F0A4481F8DAC490094B988 /* Base */ = {isa = PBXFileReference; lastKnownFileType = file.storyboard; name = Base; path = Base.lproj/Main.storyboard; sourceTree = "<group>"; };
		39F0A44A1F8DAC490094B988 /* Assets.xcassets */ = {isa = PBXFileReference; lastKnownFileType = folder.assetcatalog; path = Assets.xcassets; sourceTree = "<group>"; };
		39F0A44D1F8DAC490094B988 /* Base */ = {isa = PBXFileReference; lastKnownFileType = file.storyboard; name = Base; path = Base.lproj/LaunchScreen.storyboard; sourceTree = "<group>"; };
		39F0A44F1F8DAC490094B988 /* Info.plist */ = {isa = PBXFileReference; lastKnownFileType = text.plist.xml; path = Info.plist; sourceTree = "<group>"; };
		39F0A4591F8DD2220094B988 /* DroppablePin.swift */ = {isa = PBXFileReference; lastKnownFileType = sourcecode.swift; path = DroppablePin.swift; sourceTree = "<group>"; };
		39F0A45B1F8E08080094B988 /* PhotoCell.swift */ = {isa = PBXFileReference; lastKnownFileType = sourcecode.swift; path = PhotoCell.swift; sourceTree = "<group>"; };
		39F0A45D1F8E0B030094B988 /* Constants.swift */ = {isa = PBXFileReference; lastKnownFileType = sourcecode.swift; path = Constants.swift; sourceTree = "<group>"; };
		39F0A45F1F8E1F340094B988 /* PopViewController.swift */ = {isa = PBXFileReference; lastKnownFileType = sourcecode.swift; path = PopViewController.swift; sourceTree = "<group>"; };
		BF9EB256E980D8A8710FBC3B /* Pods-pixcel-city-homeplay.release.xcconfig */ = {isa = PBXFileReference; includeInIndex = 1; lastKnownFileType = text.xcconfig; name = "Pods-pixcel-city-homeplay.release.xcconfig"; path = "Pods/Target Support Files/Pods-pixcel-city-homeplay/Pods-pixcel-city-homeplay.release.xcconfig"; sourceTree = "<group>"; };
		E27EA7DE825C37D8C1C3B3DB /* Pods-pixcel-city-homeplay.debug.xcconfig */ = {isa = PBXFileReference; includeInIndex = 1; lastKnownFileType = text.xcconfig; name = "Pods-pixcel-city-homeplay.debug.xcconfig"; path = "Pods/Target Support Files/Pods-pixcel-city-homeplay/Pods-pixcel-city-homeplay.debug.xcconfig"; sourceTree = "<group>"; };
/* End PBXFileReference section */

/* Begin PBXFrameworksBuildPhase section */
		39F0A43D1F8DAC490094B988 /* Frameworks */ = {
			isa = PBXFrameworksBuildPhase;
			buildActionMask = 2147483647;
			files = (
				5A2CA597002E53E4ED017D50 /* Pods_pixcel_city_homeplay.framework in Frameworks */,
			);
			runOnlyForDeploymentPostprocessing = 0;
		};
/* End PBXFrameworksBuildPhase section */

/* Begin PBXGroup section */
		0DF5D4BC054531A6A93C5EDD /* Frameworks */ = {
			isa = PBXGroup;
			children = (
				1795BF453C9C00B11583A8C9 /* Pods_pixcel_city_homeplay.framework */,
			);
			name = Frameworks;
			sourceTree = "<group>";
		};
		39F0A4371F8DAC490094B988 = {
			isa = PBXGroup;
			children = (
				39F0A4421F8DAC490094B988 /* pixcel-city-homeplay */,
				39F0A4411F8DAC490094B988 /* Products */,
				94FC8D03BC822B51DDC0DBC7 /* Pods */,
				0DF5D4BC054531A6A93C5EDD /* Frameworks */,
			);
			sourceTree = "<group>";
		};
		39F0A4411F8DAC490094B988 /* Products */ = {
			isa = PBXGroup;
			children = (
				39F0A4401F8DAC490094B988 /* pixcel-city-homeplay.app */,
			);
			name = Products;
			sourceTree = "<group>";
		};
		39F0A4421F8DAC490094B988 /* pixcel-city-homeplay */ = {
			isa = PBXGroup;
			children = (
				39F0A4581F8DB0100094B988 /* Utilities */,
				39F0A4571F8DAFF80094B988 /* Extensions */,
				39F0A4561F8DAFEF0094B988 /* View */,
				39F0A4551F8DAFD80094B988 /* Controller */,
				39F0A4431F8DAC490094B988 /* AppDelegate.swift */,
				39F0A4451F8DAC490094B988 /* MapViewController.swift */,
				39F0A4471F8DAC490094B988 /* Main.storyboard */,
				39F0A44A1F8DAC490094B988 /* Assets.xcassets */,
				39F0A44C1F8DAC490094B988 /* LaunchScreen.storyboard */,
				39F0A44F1F8DAC490094B988 /* Info.plist */,
			);
			path = "pixcel-city-homeplay";
			sourceTree = "<group>";
		};
		39F0A4551F8DAFD80094B988 /* Controller */ = {
			isa = PBXGroup;
			children = (
				39F0A45F1F8E1F340094B988 /* PopViewController.swift */,
			);
			path = Controller;
			sourceTree = "<group>";
		};
		39F0A4561F8DAFEF0094B988 /* View */ = {
			isa = PBXGroup;
			children = (
				39F0A4591F8DD2220094B988 /* DroppablePin.swift */,
				39F0A45B1F8E08080094B988 /* PhotoCell.swift */,
			);
			path = View;
			sourceTree = "<group>";
		};
		39F0A4571F8DAFF80094B988 /* Extensions */ = {
			isa = PBXGroup;
			children = (
			);
			path = Extensions;
			sourceTree = "<group>";
		};
		39F0A4581F8DB0100094B988 /* Utilities */ = {
			isa = PBXGroup;
			children = (
				39F0A45D1F8E0B030094B988 /* Constants.swift */,
			);
			path = Utilities;
			sourceTree = "<group>";
		};
		94FC8D03BC822B51DDC0DBC7 /* Pods */ = {
			isa = PBXGroup;
			children = (
				E27EA7DE825C37D8C1C3B3DB /* Pods-pixcel-city-homeplay.debug.xcconfig */,
				BF9EB256E980D8A8710FBC3B /* Pods-pixcel-city-homeplay.release.xcconfig */,
			);
			name = Pods;
			sourceTree = "<group>";
		};
/* End PBXGroup section */

/* Begin PBXNativeTarget section */
		39F0A43F1F8DAC490094B988 /* pixcel-city-homeplay */ = {
			isa = PBXNativeTarget;
			buildConfigurationList = 39F0A4521F8DAC490094B988 /* Build configuration list for PBXNativeTarget "pixcel-city-homeplay" */;
			buildPhases = (
				C2E66625940734579FF5E879 /* [CP] Check Pods Manifest.lock */,
				39F0A43C1F8DAC490094B988 /* Sources */,
				39F0A43D1F8DAC490094B988 /* Frameworks */,
				39F0A43E1F8DAC490094B988 /* Resources */,
				E9C2EAC2619EECE65B3656B7 /* [CP] Embed Pods Frameworks */,
				9E25B677ECEED266891D4665 /* [CP] Copy Pods Resources */,
			);
			buildRules = (
			);
			dependencies = (
			);
			name = "pixcel-city-homeplay";
			productName = "pixcel-city-homeplay";
			productReference = 39F0A4401F8DAC490094B988 /* pixcel-city-homeplay.app */;
			productType = "com.apple.product-type.application";
		};
/* End PBXNativeTarget section */

/* Begin PBXProject section */
		39F0A4381F8DAC490094B988 /* Project object */ = {
			isa = PBXProject;
			attributes = {
				LastSwiftUpdateCheck = 0900;
				LastUpgradeCheck = 0900;
				ORGANIZATIONNAME = "Vansa Pha";
				TargetAttributes = {
					39F0A43F1F8DAC490094B988 = {
						CreatedOnToolsVersion = 9.0;
						ProvisioningStyle = Automatic;
					};
				};
			};
			buildConfigurationList = 39F0A43B1F8DAC490094B988 /* Build configuration list for PBXProject "pixcel-city-homeplay" */;
			compatibilityVersion = "Xcode 8.0";
			developmentRegion = en;
			hasScannedForEncodings = 0;
			knownRegions = (
				en,
				Base,
			);
			mainGroup = 39F0A4371F8DAC490094B988;
			productRefGroup = 39F0A4411F8DAC490094B988 /* Products */;
			projectDirPath = "";
			projectRoot = "";
			targets = (
				39F0A43F1F8DAC490094B988 /* pixcel-city-homeplay */,
			);
		};
/* End PBXProject section */

/* Begin PBXResourcesBuildPhase section */
		39F0A43E1F8DAC490094B988 /* Resources */ = {
			isa = PBXResourcesBuildPhase;
			buildActionMask = 2147483647;
			files = (
				39F0A44E1F8DAC490094B988 /* LaunchScreen.storyboard in Resources */,
				39F0A44B1F8DAC490094B988 /* Assets.xcassets in Resources */,
				39F0A4491F8DAC490094B988 /* Main.storyboard in Resources */,
			);
			runOnlyForDeploymentPostprocessing = 0;
		};
/* End PBXResourcesBuildPhase section */

/* Begin PBXShellScriptBuildPhase section */
		9E25B677ECEED266891D4665 /* [CP] Copy Pods Resources */ = {
			isa = PBXShellScriptBuildPhase;
			buildActionMask = 2147483647;
			files = (
			);
			inputPaths = (
			);
			name = "[CP] Copy Pods Resources";
			outputPaths = (
			);
			runOnlyForDeploymentPostprocessing = 0;
			shellPath = /bin/sh;
			shellScript = "\"${SRCROOT}/Pods/Target Support Files/Pods-pixcel-city-homeplay/Pods-pixcel-city-homeplay-resources.sh\"\n";
			showEnvVarsInLog = 0;
		};
		C2E66625940734579FF5E879 /* [CP] Check Pods Manifest.lock */ = {
			isa = PBXShellScriptBuildPhase;
			buildActionMask = 2147483647;
			files = (
			);
			inputPaths = (
				"${PODS_PODFILE_DIR_PATH}/Podfile.lock",
				"${PODS_ROOT}/Manifest.lock",
			);
			name = "[CP] Check Pods Manifest.lock";
			outputPaths = (
				"$(DERIVED_FILE_DIR)/Pods-pixcel-city-homeplay-checkManifestLockResult.txt",
			);
			runOnlyForDeploymentPostprocessing = 0;
			shellPath = /bin/sh;
			shellScript = "diff \"${PODS_PODFILE_DIR_PATH}/Podfile.lock\" \"${PODS_ROOT}/Manifest.lock\" > /dev/null\nif [ $? != 0 ] ; then\n    # print error to STDERR\n    echo \"error: The sandbox is not in sync with the Podfile.lock. Run 'pod install' or update your CocoaPods installation.\" >&2\n    exit 1\nfi\n# This output is used by Xcode 'outputs' to avoid re-running this script phase.\necho \"SUCCESS\" > \"${SCRIPT_OUTPUT_FILE_0}\"\n";
			showEnvVarsInLog = 0;
		};
		E9C2EAC2619EECE65B3656B7 /* [CP] Embed Pods Frameworks */ = {
			isa = PBXShellScriptBuildPhase;
			buildActionMask = 2147483647;
			files = (
			);
			inputPaths = (
				"${SRCROOT}/Pods/Target Support Files/Pods-pixcel-city-homeplay/Pods-pixcel-city-homeplay-frameworks.sh",
				"${BUILT_PRODUCTS_DIR}/Alamofire/Alamofire.framework",
				"${BUILT_PRODUCTS_DIR}/AlamofireImage/AlamofireImage.framework",
			);
			name = "[CP] Embed Pods Frameworks";
			outputPaths = (
				"${TARGET_BUILD_DIR}/${FRAMEWORKS_FOLDER_PATH}/Alamofire.framework",
				"${TARGET_BUILD_DIR}/${FRAMEWORKS_FOLDER_PATH}/AlamofireImage.framework",
			);
			runOnlyForDeploymentPostprocessing = 0;
			shellPath = /bin/sh;
			shellScript = "\"${SRCROOT}/Pods/Target Support Files/Pods-pixcel-city-homeplay/Pods-pixcel-city-homeplay-frameworks.sh\"\n";
			showEnvVarsInLog = 0;
		};
/* End PBXShellScriptBuildPhase section */

/* Begin PBXSourcesBuildPhase section */
		39F0A43C1F8DAC490094B988 /* Sources */ = {
			isa = PBXSourcesBuildPhase;
			buildActionMask = 2147483647;
			files = (
				39F0A45E1F8E0B030094B988 /* Constants.swift in Sources */,
				39F0A45C1F8E08080094B988 /* PhotoCell.swift in Sources */,
				39F0A4601F8E1F340094B988 /* PopViewController.swift in Sources */,
				39F0A4461F8DAC490094B988 /* MapViewController.swift in Sources */,
				39F0A45A1F8DD2220094B988 /* DroppablePin.swift in Sources */,
				39F0A4441F8DAC490094B988 /* AppDelegate.swift in Sources */,
			);
			runOnlyForDeploymentPostprocessing = 0;
		};
/* End PBXSourcesBuildPhase section */

/* Begin PBXVariantGroup section */
		39F0A4471F8DAC490094B988 /* Main.storyboard */ = {
			isa = PBXVariantGroup;
			children = (
				39F0A4481F8DAC490094B988 /* Base */,
			);
			name = Main.storyboard;
			sourceTree = "<group>";
		};
		39F0A44C1F8DAC490094B988 /* LaunchScreen.storyboard */ = {
			isa = PBXVariantGroup;
			children = (
				39F0A44D1F8DAC490094B988 /* Base */,
			);
			name = LaunchScreen.storyboard;
			sourceTree = "<group>";
		};
/* End PBXVariantGroup section */

/* Begin XCBuildConfiguration section */
		39F0A4501F8DAC490094B988 /* Debug */ = {
			isa = XCBuildConfiguration;
			buildSettings = {
				ALWAYS_SEARCH_USER_PATHS = NO;
				CLANG_ANALYZER_NONNULL = YES;
				CLANG_ANALYZER_NUMBER_OBJECT_CONVERSION = YES_AGGRESSIVE;
				CLANG_CXX_LANGUAGE_STANDARD = "gnu++14";
				CLANG_CXX_LIBRARY = "libc++";
				CLANG_ENABLE_MODULES = YES;
				CLANG_ENABLE_OBJC_ARC = YES;
				CLANG_WARN_BLOCK_CAPTURE_AUTORELEASING = YES;
				CLANG_WARN_BOOL_CONVERSION = YES;
				CLANG_WARN_COMMA = YES;
				CLANG_WARN_CONSTANT_CONVERSION = YES;
				CLANG_WARN_DIRECT_OBJC_ISA_USAGE = YES_ERROR;
				CLANG_WARN_DOCUMENTATION_COMMENTS = YES;
				CLANG_WARN_EMPTY_BODY = YES;
				CLANG_WARN_ENUM_CONVERSION = YES;
				CLANG_WARN_INFINITE_RECURSION = YES;
				CLANG_WARN_INT_CONVERSION = YES;
				CLANG_WARN_NON_LITERAL_NULL_CONVERSION = YES;
				CLANG_WARN_OBJC_LITERAL_CONVERSION = YES;
				CLANG_WARN_OBJC_ROOT_CLASS = YES_ERROR;
				CLANG_WARN_RANGE_LOOP_ANALYSIS = YES;
				CLANG_WARN_STRICT_PROTOTYPES = YES;
				CLANG_WARN_SUSPICIOUS_MOVE = YES;
				CLANG_WARN_UNGUARDED_AVAILABILITY = YES_AGGRESSIVE;
				CLANG_WARN_UNREACHABLE_CODE = YES;
				CLANG_WARN__DUPLICATE_METHOD_MATCH = YES;
				CODE_SIGN_IDENTITY = "iPhone Developer";
				COPY_PHASE_STRIP = NO;
				DEBUG_INFORMATION_FORMAT = dwarf;
				ENABLE_STRICT_OBJC_MSGSEND = YES;
				ENABLE_TESTABILITY = YES;
				GCC_C_LANGUAGE_STANDARD = gnu11;
				GCC_DYNAMIC_NO_PIC = NO;
				GCC_NO_COMMON_BLOCKS = YES;
				GCC_OPTIMIZATION_LEVEL = 0;
				GCC_PREPROCESSOR_DEFINITIONS = (
					"DEBUG=1",
					"$(inherited)",
				);
				GCC_WARN_64_TO_32_BIT_CONVERSION = YES;
				GCC_WARN_ABOUT_RETURN_TYPE = YES_ERROR;
				GCC_WARN_UNDECLARED_SELECTOR = YES;
				GCC_WARN_UNINITIALIZED_AUTOS = YES_AGGRESSIVE;
				GCC_WARN_UNUSED_FUNCTION = YES;
				GCC_WARN_UNUSED_VARIABLE = YES;
				IPHONEOS_DEPLOYMENT_TARGET = 11.0;
				MTL_ENABLE_DEBUG_INFO = YES;
				ONLY_ACTIVE_ARCH = YES;
				SDKROOT = iphoneos;
				SWIFT_ACTIVE_COMPILATION_CONDITIONS = DEBUG;
				SWIFT_OPTIMIZATION_LEVEL = "-Onone";
			};
			name = Debug;
		};
		39F0A4511F8DAC490094B988 /* Release */ = {
			isa = XCBuildConfiguration;
			buildSettings = {
				ALWAYS_SEARCH_USER_PATHS = NO;
				CLANG_ANALYZER_NONNULL = YES;
				CLANG_ANALYZER_NUMBER_OBJECT_CONVERSION = YES_AGGRESSIVE;
				CLANG_CXX_LANGUAGE_STANDARD = "gnu++14";
				CLANG_CXX_LIBRARY = "libc++";
				CLANG_ENABLE_MODULES = YES;
				CLANG_ENABLE_OBJC_ARC = YES;
				CLANG_WARN_BLOCK_CAPTURE_AUTORELEASING = YES;
				CLANG_WARN_BOOL_CONVERSION = YES;
				CLANG_WARN_COMMA = YES;
				CLANG_WARN_CONSTANT_CONVERSION = YES;
				CLANG_WARN_DIRECT_OBJC_ISA_USAGE = YES_ERROR;
				CLANG_WARN_DOCUMENTATION_COMMENTS = YES;
				CLANG_WARN_EMPTY_BODY = YES;
				CLANG_WARN_ENUM_CONVERSION = YES;
				CLANG_WARN_INFINITE_RECURSION = YES;
				CLANG_WARN_INT_CONVERSION = YES;
				CLANG_WARN_NON_LITERAL_NULL_CONVERSION = YES;
				CLANG_WARN_OBJC_LITERAL_CONVERSION = YES;
				CLANG_WARN_OBJC_ROOT_CLASS = YES_ERROR;
				CLANG_WARN_RANGE_LOOP_ANALYSIS = YES;
				CLANG_WARN_STRICT_PROTOTYPES = YES;
				CLANG_WARN_SUSPICIOUS_MOVE = YES;
				CLANG_WARN_UNGUARDED_AVAILABILITY = YES_AGGRESSIVE;
				CLANG_WARN_UNREACHABLE_CODE = YES;
				CLANG_WARN__DUPLICATE_METHOD_MATCH = YES;
				CODE_SIGN_IDENTITY = "iPhone Developer";
				COPY_PHASE_STRIP = NO;
				DEBUG_INFORMATION_FORMAT = "dwarf-with-dsym";
				ENABLE_NS_ASSERTIONS = NO;
				ENABLE_STRICT_OBJC_MSGSEND = YES;
				GCC_C_LANGUAGE_STANDARD = gnu11;
				GCC_NO_COMMON_BLOCKS = YES;
				GCC_WARN_64_TO_32_BIT_CONVERSION = YES;
				GCC_WARN_ABOUT_RETURN_TYPE = YES_ERROR;
				GCC_WARN_UNDECLARED_SELECTOR = YES;
				GCC_WARN_UNINITIALIZED_AUTOS = YES_AGGRESSIVE;
				GCC_WARN_UNUSED_FUNCTION = YES;
				GCC_WARN_UNUSED_VARIABLE = YES;
				IPHONEOS_DEPLOYMENT_TARGET = 11.0;
				MTL_ENABLE_DEBUG_INFO = NO;
				SDKROOT = iphoneos;
				SWIFT_OPTIMIZATION_LEVEL = "-Owholemodule";
				VALIDATE_PRODUCT = YES;
			};
			name = Release;
		};
		39F0A4531F8DAC490094B988 /* Debug */ = {
			isa = XCBuildConfiguration;
			baseConfigurationReference = E27EA7DE825C37D8C1C3B3DB /* Pods-pixcel-city-homeplay.debug.xcconfig */;
			buildSettings = {
				ASSETCATALOG_COMPILER_APPICON_NAME = AppIcon;
				CODE_SIGN_STYLE = Automatic;
				DEVELOPMENT_TEAM = PG98TTFS9P;
				INFOPLIST_FILE = "pixcel-city-homeplay/Info.plist";
				LD_RUNPATH_SEARCH_PATHS = "$(inherited) @executable_path/Frameworks";
				PRODUCT_BUNDLE_IDENTIFIER = "com.saSolution.pixcel-city-homeplay";
				PRODUCT_NAME = "$(TARGET_NAME)";
				SWIFT_VERSION = 4.0;
				TARGETED_DEVICE_FAMILY = "1,2";
			};
			name = Debug;
		};
		39F0A4541F8DAC490094B988 /* Release */ = {
			isa = XCBuildConfiguration;
			baseConfigurationReference = BF9EB256E980D8A8710FBC3B /* Pods-pixcel-city-homeplay.release.xcconfig */;
			buildSettings = {
				ASSETCATALOG_COMPILER_APPICON_NAME = AppIcon;
				CODE_SIGN_STYLE = Automatic;
				DEVELOPMENT_TEAM = PG98TTFS9P;
				INFOPLIST_FILE = "pixcel-city-homeplay/Info.plist";
				LD_RUNPATH_SEARCH_PATHS = "$(inherited) @executable_path/Frameworks";
				PRODUCT_BUNDLE_IDENTIFIER = "com.saSolution.pixcel-city-homeplay";
				PRODUCT_NAME = "$(TARGET_NAME)";
				SWIFT_VERSION = 4.0;
				TARGETED_DEVICE_FAMILY = "1,2";
			};
			name = Release;
		};
/* End XCBuildConfiguration section */

/* Begin XCConfigurationList section */
		39F0A43B1F8DAC490094B988 /* Build configuration list for PBXProject "pixcel-city-homeplay" */ = {
			isa = XCConfigurationList;
			buildConfigurations = (
				39F0A4501F8DAC490094B988 /* Debug */,
				39F0A4511F8DAC490094B988 /* Release */,
			);
			defaultConfigurationIsVisible = 0;
			defaultConfigurationName = Release;
		};
		39F0A4521F8DAC490094B988 /* Build configuration list for PBXNativeTarget "pixcel-city-homeplay" */ = {
			isa = XCConfigurationList;
			buildConfigurations = (
				39F0A4531F8DAC490094B988 /* Debug */,
				39F0A4541F8DAC490094B988 /* Release */,
			);
			defaultConfigurationIsVisible = 0;
			defaultConfigurationName = Release;
		};
/* End XCConfigurationList section */
	};
	rootObject = 39F0A4381F8DAC490094B988 /* Project object */;
}
